version = 1
revision = 3
requires-python = ">=3.7"
resolution-markers = [
    "python_full_version >= '3.10'",
    "python_full_version == '3.9.*'",
    "python_full_version == '3.8.*'",
    "python_full_version < '3.8'",
]

[[package]]
name = "importlib-metadata"
version = "6.7.0"
source = { registry = "https://pypi.org/simple" }
resolution-markers = [
    "python_full_version < '3.8'",
]
dependencies = [
    { name = "typing-extensions", marker = "python_full_version < '3.8'" },
    { name = "zipp", version = "3.15.0", source = { registry = "https://pypi.org/simple" }, marker = "python_full_version < '3.8'" },
]
sdist = { url = "https://files.pythonhosted.org/packages/a3/82/f6e29c8d5c098b6be61460371c2c5591f4a335923639edec43b3830650a4/importlib_metadata-6.7.0.tar.gz", hash = "sha256:1aaf550d4f73e5d6783e7acb77aec43d49da8017410afae93822cc9cca98c4d4", size = 53569, upload-time = "2023-06-18T21:44:35.024Z" }
wheels = [
    { url = "https://files.pythonhosted.org/packages/ff/94/64287b38c7de4c90683630338cf28f129decbba0a44f0c6db35a873c73c4/importlib_metadata-6.7.0-py3-none-any.whl", hash = "sha256:cb52082e659e97afc5dac71e79de97d8681de3aa07ff18578330904a9d18e5b5", size = 22934, upload-time = "2023-06-18T21:44:33.441Z" },
]

[[package]]
name = "importlib-metadata"
version = "8.5.0"
source = { registry = "https://pypi.org/simple" }
resolution-markers = [
    "python_full_version == '3.8.*'",
]
dependencies = [
    { name = "zipp", version = "3.20.2", source = { registry = "https://pypi.org/simple" }, marker = "python_full_version == '3.8.*'" },
]
sdist = { url = "https://files.pythonhosted.org/packages/cd/12/33e59336dca5be0c398a7482335911a33aa0e20776128f038019f1a95f1b/importlib_metadata-8.5.0.tar.gz", hash = "sha256:71522656f0abace1d072b9e5481a48f07c138e00f079c38c8f883823f9c26bd7", size = 55304, upload-time = "2024-09-11T14:56:08.937Z" }
wheels = [
    { url = "https://files.pythonhosted.org/packages/a0/d9/a1e041c5e7caa9a05c925f4bdbdfb7f006d1f74996af53467bc394c97be7/importlib_metadata-8.5.0-py3-none-any.whl", hash = "sha256:45e54197d28b7a7f1559e60b95e7c567032b602131fbd588f1497f47880aa68b", size = 26514, upload-time = "2024-09-11T14:56:07.019Z" },
]

[[package]]
name = "importlib-metadata"
version = "8.7.1"
source = { registry = "https://pypi.org/simple" }
resolution-markers = [
    "python_full_version == '3.9.*'",
]
dependencies = [
    { name = "zipp", version = "3.23.1", source = { registry = "https://pypi.org/simple" }, marker = "python_full_version == '3.9.*'" },
]
sdist = { url = "https://files.pythonhosted.org/packages/f3/49/3b30cad09e7771a4982d9975a8cbf64f00d4a1ececb53297f1d9a7be1b10/importlib_metadata-8.7.1.tar.gz", hash = "sha256:49fef1ae6440c182052f407c8d34a68f72efc36db9ca90dc0113398f2fdde8bb", size = 57107, upload-time = "2025-12-21T10:00:19.278Z" }
wheels = [
    { url = "https://files.pythonhosted.org/packages/fa/5e/f8e9a1d23b9c20a551a8a02ea3637b4642e22c2626e3a13a9a29cdea99eb/importlib_metadata-8.7.1-py3-none-any.whl", hash = "sha256:5a1f80bf1daa489495071efbb095d75a634cf28a8bc299581244063b53176151", size = 27865, upload-time = "2025-12-21T10:00:18.329Z" },
]

[[package]]
name = "kiki"
version = "0.7"
source = { editable = "." }
dependencies = [
    { name = "markdown", version = "3.4.4", source = { registry = "https://pypi.org/simple" }, marker = "python_full_version < '3.8'" },
    { name = "markdown", version = "3.7", source = { registry = "https://pypi.org/simple" }, marker = "python_full_version == '3.8.*'" },
    { name = "markdown", version = "3.9", source = { registry = "https://pypi.org/simple" }, marker = "python_full_version == '3.9.*'" },
    { name = "markdown", version = "3.10.3", source = { registry = "https://pypi.org/simple" }, marker = "python_full_version >= '3.10'" },
    { name = "tk" },
]

[package.metadata]
requires-dist = [
    { name = "markdown" },
    { name = "tk" },
]

[[package]]
name = "markdown"
version = "3.4.4"
source = { registry = "https://pypi.org/simple" }
resolution-markers = [
    "python_full_version < '3.8'",
]
dependencies = [
    { name = "importlib-metadata", version = "6.7.0", source = { registry = "https://pypi.org/simple" }, marker = "python_full_version < '3.8'" },
]
sdist = { url = "https://files.pythonhosted.org/packages/87/2a/62841f4fb1fef5fa015ded48d02401cd95643ca03b6760b29437b62a04a4/Markdown-3.4.4.tar.gz", hash = "sha256:225c6123522495d4119a90b3a3ba31a1e87a70369e03f14799ea9c0d7183a3d6", size = 324459, upload-time = "2023-07-25T15:13:45.311Z" }
wheels = [
    { url = "https://files.pythonhosted.org/packages/1a/b5/228c1cdcfe138f1a8e01ab1b54284c8b83735476cb22b6ba251656ed13ad/Markdown-3.4.4-py3-none-any.whl", hash = "sha256:a4c1b65c0957b4bd9e7d86ddc7b3c9868fb9670660f6f99f6d1bca8954d5a941", size = 94174, upload-time = "2023-07-25T15:13:43.124Z" },
]

[[package]]
name = "markdown"
version = "3.7"
source = { registry = "https://pypi.org/simple" }
resolution-markers = [
    "python_full_version == '3.8.*'",
]
dependencies = [
    { name = "importlib-metadata", version = "8.5.0", source = { registry = "https://pypi.org/simple" }, marker = "python_full_version == '3.8.*'" },
]
sdist = { url = "https://files.pythonhosted.org/packages/54/28/3af612670f82f4c056911fbbbb42760255801b3068c48de792d354ff4472/markdown-3.7.tar.gz", hash = "sha256:2ae2471477cfd02dbbf038d5d9bc226d40def84b4fe2986e49b59b6b472bbed2", size = 357086, upload-time = "2024-08-16T15:55:17.812Z" }
wheels = [
    { url = "https://files.pythonhosted.org/packages/3f/08/83871f3c50fc983b88547c196d11cf8c3340e37c32d2e9d6152abe2c61f7/Markdown-3.7-py3-none-any.whl", hash = "sha256:7eb6df5690b81a1d7942992c97fad2938e956e79df20cbc6186e9c3a77b1c803", size = 106349, upload-time = "2024-08-16T15:55:16.176Z" },
]

[[package]]
name = "markdown"
version = "3.9"
source = { registry = "https://pypi.org/simple" }
resolution-markers = [
    "python_full_version == '3.9.*'",
]
dependencies = [
    { name = "importlib-metadata", version = "8.7.1", source = { registry = "https://pypi.org/simple" }, marker = "python_full_version == '3.9.*'" },
]
sdist = { url = "https://files.pythonhosted.org/packages/8d/37/02347f6d6d8279247a5837082ebc26fc0d5aaeaf75aa013fcbb433c777ab/markdown-3.9.tar.gz", hash = "sha256:d2900fe1782bd33bdbbd56859defef70c2e78fc46668f8eb9df3128138f2cb6a", size = 364585, upload-time = "2025-09-04T20:25:22.885Z" }
wheels = [
    { url = "https://files.pythonhosted.org/packages/70/ae/44c4a6a4cbb496d93c6257954260fe3a6e91b7bed2240e5dad2a717f5111/markdown-3.9-py3-none-any.whl", hash = "sha256:9f4d91ed810864ea88a6f32c07ba8bee1346c0cc1f6b1f9f6c822f2a9667d280", size = 107441, upload-time = "2025-09-04T20:25:21.784Z" },
]

[[package]]
name = "markdown"
version = "3.10.3"
source = { registry = "https://pypi.org/simple" }
resolution-markers = [
    "python_full_version >= '3.10'",
]
sdist = { url = "https://files.pythonhosted.org/packages/29/6f/da4c6aea59b3001f2e8c0ec7497475aadaf3b021c10cab5b2858f0f32b26/markdown-3.10.3.tar.gz", hash = "sha256:3589362618f743188b4d955b874402bc814f4f83f544dc207719f4baa7d9c45f", size = 372596, upload-time = "2026-07-30T19:05:29.005Z" }
wheels = [
    { url = "https://files.pythonhosted.org/packages/64/69/4a5af2bc115a9a33fefe51709749de8262be3f9ba063d1753a837cdbc49c/markdown-3.10.3-py3-none-any.whl", hash = "sha256:fa6c92a00a4a3c98b22728c64a935ae1928250ae65058a6ded814d2cc29a4cea", size = 110757, upload-time = "2026-07-30T19:05:27.883Z" },
]

[[package]]
name = "tk"
version = "0.1.0"
source = { registry = "https://pypi.org/simple" }
sdist = { url = "https://files.pythonhosted.org/packages/a0/81/742b342fd642e672fbedecde725ba44db44e800dc4c936216c3c6729885a/tk-0.1.0.tar.gz", hash = "sha256:60bc8923d5d35f67f5c6bd93d4f0c49d2048114ec077768f959aef36d4ed97f8", size = 2247, upload-time = "2019-07-08T06:51:58.051Z" }
wheels = [
    { url = "https://files.pythonhosted.org/packages/1e/0b/029cbdb868bb555fed99bf6540fff072d500b3f895873709f25084e85e33/tk-0.1.0-py3-none-any.whl", hash = "sha256:703a69ff0d5ba2bd2f7440582ad10160e4a6561595d33457dc6caa79b9bf4930", size = 3879, upload-time = "2019-07-08T06:51:55.175Z" },
]

[[package]]
name = "typing-extensions"
version = "4.7.1"
source = { registry = "https://pypi.org/simple" }
sdist = { url = "https://files.pythonhosted.org/packages/3c/8b/0111dd7d6c1478bf83baa1cab85c686426c7a6274119aceb2bd9d35395ad/typing_extensions-4.7.1.tar.gz", hash = "sha256:b75ddc264f0ba5615db7ba217daeb99701ad295353c45f9e95963337ceeeffb2", size = 72876, upload-time = "2023-07-02T14:20:55.045Z" }
wheels = [
    { url = "https://files.pythonhosted.org/packages/ec/6b/63cc3df74987c36fe26157ee12e09e8f9db4de771e0f3404263117e75b95/typing_extensions-4.7.1-py3-none-any.whl", hash = "sha256:440d5dd3af93b060174bf433bccd69b0babc3b15b1a8dca43789fd7f61514b36", size = 33232, upload-time = "2023-07-02T14:20:53.275Z" },
]

[[package]]
name = "zipp"
version = "3.15.0"
source = { registry = "https://pypi.org/simple" }
resolution-markers = [
    "python_full_version < '3.8'",
]
sdist = { url = "https://files.pythonhosted.org/packages/00/27/f0ac6b846684cecce1ee93d32450c45ab607f65c2e0255f0092032d91f07/zipp-3.15.0.tar.gz", hash = "sha256:112929ad649da941c23de50f356a2b5570c954b65150642bccdd66bf194d224b", size = 18454, upload-time = "2023-02-25T02:17:22.503Z" }
wheels = [
    { url = "https://files.pythonhosted.org/packages/5b/fa/c9e82bbe1af6266adf08afb563905eb87cab83fde00a0a08963510621047/zipp-3.15.0-py3-none-any.whl", hash = "sha256:48904fc76a60e542af151aded95726c1a5c34ed43ab4134b597665c86d7ad556", size = 6758, upload-time = "2023-02-25T02:17:20.807Z" },
]

[[package]]
name = "zipp"
version = "3.20.2"
source = { registry = "https://pypi.org/simple" }
resolution-markers = [
    "python_full_version == '3.8.*'",
]
sdist = { url = "https://files.pythonhosted.org/packages/54/bf/5c0000c44ebc80123ecbdddba1f5dcd94a5ada602a9c225d84b5aaa55e86/zipp-3.20.2.tar.gz", hash = "sha256:bc9eb26f4506fda01b81bcde0ca78103b6e62f991b381fec825435c836edbc29", size = 24199, upload-time = "2024-09-13T13:44:16.101Z" }
wheels = [
    { url = "https://files.pythonhosted.org/packages/62/8b/5ba542fa83c90e09eac972fc9baca7a88e7e7ca4b221a89251954019308b/zipp-3.20.2-py3-none-any.whl", hash = "sha256:a817ac80d6cf4b23bf7f2828b7cabf326f15a001bea8b1f9b49631780ba28350", size = 9200, upload-time = "2024-09-13T13:44:14.38Z" },
]

[[package]]
name = "zipp"
version = "3.23.1"
source = { registry = "https://pypi.org/simple" }
resolution-markers = [
    "python_full_version == '3.9.*'",
]
sdist = { url = "https://files.pythonhosted.org/packages/30/21/093488dfc7cc8964ded15ab726fad40f25fd3d788fd741cc1c5a17d78ee8/zipp-3.23.1.tar.gz", hash = "sha256:32120e378d32cd9714ad503c1d024619063ec28aad2248dc6672ad13edfa5110", size = 25965, upload-time = "2026-04-13T23:21:46.6Z" }
wheels = [
    { url = "https://files.pythonhosted.org/packages/08/8a/0861bec20485572fbddf3dfba2910e38fe249796cb73ecdeb74e07eeb8d3/zipp-3.23.1-py3-none-any.whl", hash = "sha256:0b3596c50a5c700c9cb40ba8d86d9f2cc4807e9bedb06bcdf7fac85633e444dc", size = 10378, upload-time = "2026-04-13T23:21:45.386Z" },
]
